{
  "requires": true,
  "lockfileVersion": 1,
  "dependencies": {
    "vuetify": {
      "version": "1.2.6",
      "resolved": "https://registry.npmjs.org/vuetify/-/vuetify-1.2.6.tgz",
      "integrity": "sha512-/5xFgawE1GBVDrMiTJf5P1+YP4mMAg/xni+2M2btwJI8842EWD0+DKC12icuPTrzWdnc8+hXqoubi4+qYz6SSg=="
    }
  }
}
